{
  "name": "repro_for_typescript_issue_58159",
  "version": "1.0.0",
  "lockfileVersion": 2,
  "requires": true,
  "packages": {
    "": {
      "name": "repro_for_typescript_issue_58159",
      "version": "1.0.0",
      "license": "ISC",
      "dependencies": {
        "typescript": "^5.5.0-dev.20240412"
      }
    },
    "node_modules/typescript": {
      "version": "5.5.0-dev.20240412",
      "resolved": "https://registry.npmjs.org/typescript/-/typescript-5.5.0-dev.20240412.tgz",
      "integrity": "sha512-DfE8jAzZf9/FHHo0CMnIL6uFZ6Q1bJ4PCtpBd9Ytbfi0pRREKVJofJEHFbRXADT6Kq1twB4iiqvdc/rGbiBq7g==",
      "bin": {
        "tsc": "bin/tsc",
        "tsserver": "bin/tsserver"
      },
      "engines": {
        "node": ">=14.17"
      }
    }
  },
  "dependencies": {
    "typescript": {
      "version": "5.5.0-dev.20240412",
      "resolved": "https://registry.npmjs.org/typescript/-/typescript-5.5.0-dev.20240412.tgz",
      "integrity": "sha512-DfE8jAzZf9/FHHo0CMnIL6uFZ6Q1bJ4PCtpBd9Ytbfi0pRREKVJofJEHFbRXADT6Kq1twB4iiqvdc/rGbiBq7g=="
    }
  }
}
